
Microsoft Visual Studio Solution File, Format Version 12.00
# Visual Studio Version 17
VisualStudioVersion = 17.11.35327.3
MinimumVisualStudioVersion = 10.0.40219.1
Project("{FAE04EC0-301F-11D3-BF4B-00C04F79EFBC}") = "Registor", "Registor\Registor.csproj", "{D01FA1BA-8E83-4A1B-B246-4B7CA18F1CE7}"
EndProject
Global
	GlobalSection(SolutionConfigurationPlatforms) = preSolution
		Debug|Any CPU = Debug|Any CPU
		Release|Any CPU = Release|Any CPU
	EndGlobalSection
	GlobalSection(ProjectConfigurationPlatforms) = postSolution
		{D01FA1BA-8E83-4A1B-B246-4B7CA18F1CE7}.Debug|Any CPU.ActiveCfg = Debug|Any CPU
		{D01FA1BA-8E83-4A1B-B246-4B7CA18F1CE7}.Debug|Any CPU.Build.0 = Debug|Any CPU
		{D01FA1BA-8E83-4A1B-B246-4B7CA18F1CE7}.Debug|Any CPU.Deploy.0 = Debug|Any CPU
		{D01FA1BA-8E83-4A1B-B246-4B7CA18F1CE7}.Release|Any CPU.ActiveCfg = Release|Any CPU
		{D01FA1BA-8E83-4A1B-B246-4B7CA18F1CE7}.Release|Any CPU.Build.0 = Release|Any CPU
		{D01FA1BA-8E83-4A1B-B246-4B7CA18F1CE7}.Release|Any CPU.Deploy.0 = Release|Any CPU
	EndGlobalSection
	GlobalSection(SolutionProperties) = preSolution
		HideSolutionNode = FALSE
	EndGlobalSection
	GlobalSection(ExtensibilityGlobals) = postSolution
		SolutionGuid = {16FF5E47-8469-4E88-906A-667C1155E372}
	EndGlobalSection
EndGlobal
